{
  "name": "madewithcode",
  "version": "1.0.0",
  "lockfileVersion": 3,
  "requires": true,
  "packages": {
    "": {
      "name": "madewithcode",
      "version": "1.0.0",
      "license": "UNLICENSED",
      "dependencies": {
        "pnpm": "^8.6.2"
      }
    },
    "node_modules/pnpm": {
      "version": "8.6.2",
      "resolved": "https://registry.npmjs.org/pnpm/-/pnpm-8.6.2.tgz",
      "integrity": "sha512-Dmgwe+T34Xr6UYaTLXSphPS7ok4h2EPkaHQEH6j7USoAk21CzueAdD1nQLkWJwDnZkJucho0LbKntJ+9B5xlUQ==",
      "bin": {
        "pnpm": "bin/pnpm.cjs",
        "pnpx": "bin/pnpx.cjs"
      },
      "engines": {
        "node": ">=16.14"
      },
      "funding": {
        "url": "https://opencollective.com/pnpm"
      }
    }
  }
}
