lockfileVersion: '6.0'

dependencies:
  pnpm:
    specifier: ^8.6.2
    version: 8.6.2

devDependencies:
  react-hotkeys-hook:
    specifier: ^4.4.0
    version: 4.4.0(react-dom@18.2.0)(react@18.2.0)

packages:

  /js-tokens@4.0.0:
    resolution: {integrity: sha512-RdJUflcE3cUzKiMqQgsCu06FPu9UdIJO0beYbPhHN4k6apgJtifcoCtT9bcxOpYBtpD2kCM6Sbzg4CausW/PKQ==}
    dev: true

  /loose-envify@1.4.0:
    resolution: {integrity: sha512-lyuxPGr/Wfhrlem2CL/UcnUc1zcqKAImBDzukY7Y5F/yQiNdko6+fRLevlw1HgMySw7f611UIY408EtxRSoK3Q==}
    hasBin: true
    dependencies:
      js-tokens: 4.0.0
    dev: true

  /pnpm@8.6.2:
    resolution: {integrity: sha512-Dmgwe+T34Xr6UYaTLXSphPS7ok4h2EPkaHQEH6j7USoAk21CzueAdD1nQLkWJwDnZkJucho0LbKntJ+9B5xlUQ==}
    engines: {node: '>=16.14'}
    hasBin: true
    dev: false

  /react-dom@18.2.0(react@18.2.0):
    resolution: {integrity: sha512-6IMTriUmvsjHUjNtEDudZfuDQUoWXVxKHhlEGSk81n4YFS+r/Kl99wXiwlVXtPBtJenozv2P+hxDsw9eA7Xo6g==}
    peerDependencies:
      react: ^18.2.0
    dependencies:
      loose-envify: 1.4.0
      react: 18.2.0
      scheduler: 0.23.0
    dev: true

  /react-hotkeys-hook@4.4.0(react-dom@18.2.0)(react@18.2.0):
    resolution: {integrity: sha512-wOaCWLwgT/f895CMJrR9hmzVf+gfL8IpjWDXWXKngBp9i6Xqzf0tvLv4VI8l3Vlsg/cc4C/Iik3Ck76L/Hj0tw==}
    peerDependencies:
      react: '>=16.8.1'
      react-dom: '>=16.8.1'
    dependencies:
      react: 18.2.0
      react-dom: 18.2.0(react@18.2.0)
    dev: true

  /react@18.2.0:
    resolution: {integrity: sha512-/3IjMdb2L9QbBdWiW5e3P2/npwMBaU9mHCSCUzNln0ZCYbcfTsGbTJrU/kGemdH2IWmB2ioZ+zkxtmq6g09fGQ==}
    engines: {node: '>=0.10.0'}
    dependencies:
      loose-envify: 1.4.0
    dev: true

  /scheduler@0.23.0:
    resolution: {integrity: sha512-CtuThmgHNg7zIZWAXi3AsyIzA3n4xx7aNyjwC2VJldO2LMVDhFK+63xGqq6CsJH4rTAt6/M+N4GhZiDYPx9eUw==}
    dependencies:
      loose-envify: 1.4.0
    dev: true
