lockfileVersion: '6.0'

dependencies:
  pnpm:
    specifier: ^8.6.2
    version: 8.6.2

packages:

  /pnpm@8.6.2:
    resolution: {integrity: sha512-Dmgwe+T34Xr6UYaTLXSphPS7ok4h2EPkaHQEH6j7USoAk21CzueAdD1nQLkWJwDnZkJucho0LbKntJ+9B5xlUQ==}
    engines: {node: '>=16.14'}
    hasBin: true
    dev: false
